
Microsoft Visual Studio Solution File, Format Version 12.00
# Visual Studio Version 16
VisualStudioVersion = 16.0.30611.23
MinimumVisualStudioVersion = 10.0.40219.1
Project("{FAE04EC0-301F-11D3-BF4B-00C04F79EFBC}") = "WebApplication1", "WebApplication1\WebApplication1.csproj", "{3C2A6277-460A-4E64-881F-71C80E54899F}"
EndProject
Global
	GlobalSection(SolutionConfigurationPlatforms) = preSolution
		Debug|Any CPU = Debug|Any CPU
		Release|Any CPU = Release|Any CPU
	EndGlobalSection
	GlobalSection(ProjectConfigurationPlatforms) = postSolution
		{3C2A6277-460A-4E64-881F-71C80E54899F}.Debug|Any CPU.ActiveCfg = Debug|Any CPU
		{3C2A6277-460A-4E64-881F-71C80E54899F}.Debug|Any CPU.Build.0 = Debug|Any CPU
		{3C2A6277-460A-4E64-881F-71C80E54899F}.Release|Any CPU.ActiveCfg = Release|Any CPU
		{3C2A6277-460A-4E64-881F-71C80E54899F}.Release|Any CPU.Build.0 = Release|Any CPU
	EndGlobalSection
	GlobalSection(SolutionProperties) = preSolution
		HideSolutionNode = FALSE
	EndGlobalSection
	GlobalSection(ExtensibilityGlobals) = postSolution
		SolutionGuid = {E6D3C5E7-34A2-4C75-8944-C334BA710DFB}
	EndGlobalSection
EndGlobal
